
Microsoft Visual Studio Solution File, Format Version 12.00
# Visual Studio Version 17
VisualStudioVersion = 17.1.32210.238
MinimumVisualStudioVersion = 10.0.40219.1
Project("{FAE04EC0-301F-11D3-BF4B-00C04F79EFBC}") = "WeatherApp", "WeatherApp.csproj", "{84FF8242-8557-4CF9-9252-C4D232727812}"
EndProject
Global
	GlobalSection(SolutionConfigurationPlatforms) = preSolution
		Debug|Any CPU = Debug|Any CPU
		Release|Any CPU = Release|Any CPU
	EndGlobalSection
	GlobalSection(ProjectConfigurationPlatforms) = postSolution
		{84FF8242-8557-4CF9-9252-C4D232727812}.Debug|Any CPU.ActiveCfg = Debug|Any CPU
		{84FF8242-8557-4CF9-9252-C4D232727812}.Debug|Any CPU.Build.0 = Debug|Any CPU
		{84FF8242-8557-4CF9-9252-C4D232727812}.Release|Any CPU.ActiveCfg = Release|Any CPU
		{84FF8242-8557-4CF9-9252-C4D232727812}.Release|Any CPU.Build.0 = Release|Any CPU
	EndGlobalSection
	GlobalSection(SolutionProperties) = preSolution
		HideSolutionNode = FALSE
	EndGlobalSection
	GlobalSection(ExtensibilityGlobals) = postSolution
		SolutionGuid = {FC468C0C-3EFE-4A2F-B9BA-C3E1E6117BC4}
	EndGlobalSection
EndGlobal
